// !$*UTF8*$!
{
	archiveVersion = 1;
	classes = {
	};
	objectVersion = 56;
	objects = {

/* Begin PBXBuildFile section */
		00362DC8298847AB00BFD114 /* SplashViewOld.swift in Sources */ = {isa = PBXBuildFile; fileRef = 00362DC7298847AB00BFD114 /* SplashViewOld.swift */; };
		00362DCB2988482300BFD114 /* Nunito-VariableFont_wght.ttf in Resources */ = {isa = PBXBuildFile; fileRef = 00362DC92988482300BFD114 /* Nunito-VariableFont_wght.ttf */; };
		00362DCC2988482300BFD114 /* Nunito-Italic-VariableFont_wght.ttf in Resources */ = {isa = PBXBuildFile; fileRef = 00362DCA2988482300BFD114 /* Nunito-Italic-VariableFont_wght.ttf */; };
		00466C4729842AC400D8DBDC /* sheetView.swift in Sources */ = {isa = PBXBuildFile; fileRef = 00466C4629842AC400D8DBDC /* sheetView.swift */; };
		00466C49298436C700D8DBDC /* SearchRecents.swift in Sources */ = {isa = PBXBuildFile; fileRef = 00466C48298436C700D8DBDC /* SearchRecents.swift */; };
		0047687A29899A52006A5128 /* SplashView.swift in Sources */ = {isa = PBXBuildFile; fileRef = 0047687929899A52006A5128 /* SplashView.swift */; };
		004768802989A97B006A5128 /* Home.swift in Sources */ = {isa = PBXBuildFile; fileRef = 0047687F2989A97B006A5128 /* Home.swift */; };
		004768822989AC9D006A5128 /* Search.swift in Sources */ = {isa = PBXBuildFile; fileRef = 004768812989AC9D006A5128 /* Search.swift */; };
		004C8AC12993FD7C0069D1F9 /* offset.swift in Sources */ = {isa = PBXBuildFile; fileRef = 004C8AC02993FD7C0069D1F9 /* offset.swift */; };
		004C8AE12995457B0069D1F9 /* Favorites.swift in Sources */ = {isa = PBXBuildFile; fileRef = 004C8AE02995457B0069D1F9 /* Favorites.swift */; };
		005C6C7A299E9780009D9362 /* HomeViewModel.swift in Sources */ = {isa = PBXBuildFile; fileRef = 005C6C79299E9780009D9362 /* HomeViewModel.swift */; };
		005C6C7C299E99DE009D9362 /* EntryRowView.swift in Sources */ = {isa = PBXBuildFile; fileRef = 005C6C7B299E99DE009D9362 /* EntryRowView.swift */; };
		005C6C7E299E9A20009D9362 /* PreviewProvider.swift in Sources */ = {isa = PBXBuildFile; fileRef = 005C6C7D299E9A20009D9362 /* PreviewProvider.swift */; };
		00CDF8CE295E3D0300171947 /* spanish_thesaurus_swiftUIApp.swift in Sources */ = {isa = PBXBuildFile; fileRef = 00CDF8CD295E3D0300171947 /* spanish_thesaurus_swiftUIApp.swift */; };
		00CDF8D0295E3D0300171947 /* HomeView.swift in Sources */ = {isa = PBXBuildFile; fileRef = 00CDF8CF295E3D0300171947 /* HomeView.swift */; };
		00CDF8D2295E3D0500171947 /* Assets.xcassets in Resources */ = {isa = PBXBuildFile; fileRef = 00CDF8D1295E3D0500171947 /* Assets.xcassets */; };
		00CDF8D5295E3D0500171947 /* Preview Assets.xcassets in Resources */ = {isa = PBXBuildFile; fileRef = 00CDF8D4295E3D0500171947 /* Preview Assets.xcassets */; };
		00CDF8DD295E3D1E00171947 /* SearchBar.swift in Sources */ = {isa = PBXBuildFile; fileRef = 00CDF8DC295E3D1E00171947 /* SearchBar.swift */; };
		00CDF8DF295E3D6500171947 /* Tabs.swift in Sources */ = {isa = PBXBuildFile; fileRef = 00CDF8DE295E3D6500171947 /* Tabs.swift */; };
		00CDF8E2295E3DE100171947 /* HideKeyboard.swift in Sources */ = {isa = PBXBuildFile; fileRef = 00CDF8E1295E3DE100171947 /* HideKeyboard.swift */; };
		00E35EBF299BDB8E00C052D8 /* EntryModel.swift in Sources */ = {isa = PBXBuildFile; fileRef = 00E35EBE299BDB8E00C052D8 /* EntryModel.swift */; };
		00E35EC2299BDD4A00C052D8 /* EntryDataServices.swift in Sources */ = {isa = PBXBuildFile; fileRef = 00E35EC1299BDD4A00C052D8 /* EntryDataServices.swift */; };
/* End PBXBuildFile section */

/* Begin PBXFileReference section */
		00362DC7298847AB00BFD114 /* SplashViewOld.swift */ = {isa = PBXFileReference; lastKnownFileType = sourcecode.swift; path = SplashViewOld.swift; sourceTree = "<group>"; };
		00362DC92988482300BFD114 /* Nunito-VariableFont_wght.ttf */ = {isa = PBXFileReference; lastKnownFileType = file; path = "Nunito-VariableFont_wght.ttf"; sourceTree = "<group>"; };
		00362DCA2988482300BFD114 /* Nunito-Italic-VariableFont_wght.ttf */ = {isa = PBXFileReference; lastKnownFileType = file; path = "Nunito-Italic-VariableFont_wght.ttf"; sourceTree = "<group>"; };
		00362DEE29884A5500BFD114 /* Info.plist */ = {isa = PBXFileReference; lastKnownFileType = text.plist; path = Info.plist; sourceTree = "<group>"; };
		00466C4629842AC400D8DBDC /* sheetView.swift */ = {isa = PBXFileReference; lastKnownFileType = sourcecode.swift; path = sheetView.swift; sourceTree = "<group>"; };
		00466C48298436C700D8DBDC /* SearchRecents.swift */ = {isa = PBXFileReference; lastKnownFileType = sourcecode.swift; path = SearchRecents.swift; sourceTree = "<group>"; };
		0047687929899A52006A5128 /* SplashView.swift */ = {isa = PBXFileReference; lastKnownFileType = sourcecode.swift; path = SplashView.swift; sourceTree = "<group>"; };
		0047687F2989A97B006A5128 /* Home.swift */ = {isa = PBXFileReference; lastKnownFileType = sourcecode.swift; path = Home.swift; sourceTree = "<group>"; };
		004768812989AC9D006A5128 /* Search.swift */ = {isa = PBXFileReference; lastKnownFileType = sourcecode.swift; path = Search.swift; sourceTree = "<group>"; };
		004C8AC02993FD7C0069D1F9 /* offset.swift */ = {isa = PBXFileReference; lastKnownFileType = sourcecode.swift; path = offset.swift; sourceTree = "<group>"; };
		004C8AE02995457B0069D1F9 /* Favorites.swift */ = {isa = PBXFileReference; lastKnownFileType = sourcecode.swift; path = Favorites.swift; sourceTree = "<group>"; };
		005C6C79299E9780009D9362 /* HomeViewModel.swift */ = {isa = PBXFileReference; lastKnownFileType = sourcecode.swift; path = HomeViewModel.swift; sourceTree = "<group>"; };
		005C6C7B299E99DE009D9362 /* EntryRowView.swift */ = {isa = PBXFileReference; lastKnownFileType = sourcecode.swift; path = EntryRowView.swift; sourceTree = "<group>"; };
		005C6C7D299E9A20009D9362 /* PreviewProvider.swift */ = {isa = PBXFileReference; lastKnownFileType = sourcecode.swift; path = PreviewProvider.swift; sourceTree = "<group>"; };
		00CDF8CA295E3D0300171947 /* spanish-thesaurus-swiftUI.app */ = {isa = PBXFileReference; explicitFileType = wrapper.application; includeInIndex = 0; path = "spanish-thesaurus-swiftUI.app"; sourceTree = BUILT_PRODUCTS_DIR; };
		00CDF8CD295E3D0300171947 /* spanish_thesaurus_swiftUIApp.swift */ = {isa = PBXFileReference; lastKnownFileType = sourcecode.swift; path = spanish_thesaurus_swiftUIApp.swift; sourceTree = "<group>"; };
		00CDF8CF295E3D0300171947 /* HomeView.swift */ = {isa = PBXFileReference; lastKnownFileType = sourcecode.swift; path = HomeView.swift; sourceTree = "<group>"; };
		00CDF8D1295E3D0500171947 /* Assets.xcassets */ = {isa = PBXFileReference; lastKnownFileType = folder.assetcatalog; path = Assets.xcassets; sourceTree = "<group>"; };
		00CDF8D4295E3D0500171947 /* Preview Assets.xcassets */ = {isa = PBXFileReference; lastKnownFileType = folder.assetcatalog; path = "Preview Assets.xcassets"; sourceTree = "<group>"; };
		00CDF8DC295E3D1E00171947 /* SearchBar.swift */ = {isa = PBXFileReference; lastKnownFileType = sourcecode.swift; path = SearchBar.swift; sourceTree = "<group>"; };
		00CDF8DE295E3D6500171947 /* Tabs.swift */ = {isa = PBXFileReference; lastKnownFileType = sourcecode.swift; path = Tabs.swift; sourceTree = "<group>"; };
		00CDF8E1295E3DE100171947 /* HideKeyboard.swift */ = {isa = PBXFileReference; lastKnownFileType = sourcecode.swift; path = HideKeyboard.swift; sourceTree = "<group>"; };
		00E35EBE299BDB8E00C052D8 /* EntryModel.swift */ = {isa = PBXFileReference; lastKnownFileType = sourcecode.swift; path = EntryModel.swift; sourceTree = "<group>"; };
		00E35EC1299BDD4A00C052D8 /* EntryDataServices.swift */ = {isa = PBXFileReference; lastKnownFileType = sourcecode.swift; path = EntryDataServices.swift; sourceTree = "<group>"; };
/* End PBXFileReference section */

/* Begin PBXFrameworksBuildPhase section */
		00CDF8C7295E3D0300171947 /* Frameworks */ = {
			isa = PBXFrameworksBuildPhase;
			buildActionMask = 2147483647;
			files = (
			);
			runOnlyForDeploymentPostprocessing = 0;
		};
/* End PBXFrameworksBuildPhase section */

/* Begin PBXGroup section */
		00362DED2988499900BFD114 /* Fonts */ = {
			isa = PBXGroup;
			children = (
				00362DCA2988482300BFD114 /* Nunito-Italic-VariableFont_wght.ttf */,
				00362DC92988482300BFD114 /* Nunito-VariableFont_wght.ttf */,
			);
			path = Fonts;
			sourceTree = "<group>";
		};
		0047687D2989A757006A5128 /* Discards */ = {
			isa = PBXGroup;
			children = (
				00362DC7298847AB00BFD114 /* SplashViewOld.swift */,
			);
			path = Discards;
			sourceTree = "<group>";
		};
		0047687E2989A93E006A5128 /* Views */ = {
			isa = PBXGroup;
			children = (
				0047687929899A52006A5128 /* SplashView.swift */,
				004C8AE02995457B0069D1F9 /* Favorites.swift */,
				0047687F2989A97B006A5128 /* Home.swift */,
				005C6C79299E9780009D9362 /* HomeViewModel.swift */,
				005C6C7B299E99DE009D9362 /* EntryRowView.swift */,
				004768812989AC9D006A5128 /* Search.swift */,
			);
			path = Views;
			sourceTree = "<group>";
		};
		004C8AE229954B9F0069D1F9 /* Models */ = {
			isa = PBXGroup;
			children = (
				00E35EBE299BDB8E00C052D8 /* EntryModel.swift */,
			);
			path = Models;
			sourceTree = "<group>";
		};
		00CDF8C1295E3D0300171947 = {
			isa = PBXGroup;
			children = (
				00E35EC0299BDD0400C052D8 /* Services */,
				004C8AE229954B9F0069D1F9 /* Models */,
				0047687E2989A93E006A5128 /* Views */,
				00CDF8E0295E3DBB00171947 /* Extensions */,
				00CDF8DB295E3D0D00171947 /* Components */,
				00CDF8CC295E3D0300171947 /* spanish-thesaurus-swiftUI */,
				00CDF8CB295E3D0300171947 /* Products */,
			);
			sourceTree = "<group>";
		};
		00CDF8CB295E3D0300171947 /* Products */ = {
			isa = PBXGroup;
			children = (
				00CDF8CA295E3D0300171947 /* spanish-thesaurus-swiftUI.app */,
			);
			name = Products;
			sourceTree = "<group>";
		};
		00CDF8CC295E3D0300171947 /* spanish-thesaurus-swiftUI */ = {
			isa = PBXGroup;
			children = (
				00362DEE29884A5500BFD114 /* Info.plist */,
				00CDF8CD295E3D0300171947 /* spanish_thesaurus_swiftUIApp.swift */,
				00CDF8CF295E3D0300171947 /* HomeView.swift */,
				0047687D2989A757006A5128 /* Discards */,
				00CDF8D1295E3D0500171947 /* Assets.xcassets */,
				00CDF8D3295E3D0500171947 /* Preview Content */,
				00362DED2988499900BFD114 /* Fonts */,
			);
			path = "spanish-thesaurus-swiftUI";
			sourceTree = "<group>";
		};
		00CDF8D3295E3D0500171947 /* Preview Content */ = {
			isa = PBXGroup;
			children = (
				00CDF8D4295E3D0500171947 /* Preview Assets.xcassets */,
			);
			path = "Preview Content";
			sourceTree = "<group>";
		};
		00CDF8DB295E3D0D00171947 /* Components */ = {
			isa = PBXGroup;
			children = (
				00CDF8DC295E3D1E00171947 /* SearchBar.swift */,
				00CDF8DE295E3D6500171947 /* Tabs.swift */,
				00466C4629842AC400D8DBDC /* sheetView.swift */,
				00466C48298436C700D8DBDC /* SearchRecents.swift */,
				004C8AC02993FD7C0069D1F9 /* offset.swift */,
			);
			path = Components;
			sourceTree = "<group>";
		};
		00CDF8E0295E3DBB00171947 /* Extensions */ = {
			isa = PBXGroup;
			children = (
				00CDF8E1295E3DE100171947 /* HideKeyboard.swift */,
				005C6C7D299E9A20009D9362 /* PreviewProvider.swift */,
			);
			path = Extensions;
			sourceTree = "<group>";
		};
		00E35EC0299BDD0400C052D8 /* Services */ = {
			isa = PBXGroup;
			children = (
				00E35EC1299BDD4A00C052D8 /* EntryDataServices.swift */,
			);
			path = Services;
			sourceTree = "<group>";
		};
/* End PBXGroup section */

/* Begin PBXNativeTarget section */
		00CDF8C9295E3D0300171947 /* spanish-thesaurus-swiftUI */ = {
			isa = PBXNativeTarget;
			buildConfigurationList = 00CDF8D8295E3D0500171947 /* Build configuration list for PBXNativeTarget "spanish-thesaurus-swiftUI" */;
			buildPhases = (
				00CDF8C6295E3D0300171947 /* Sources */,
				00CDF8C7295E3D0300171947 /* Frameworks */,
				00CDF8C8295E3D0300171947 /* Resources */,
			);
			buildRules = (
			);
			dependencies = (
			);
			name = "spanish-thesaurus-swiftUI";
			productName = "spanish-thesaurus-swiftUI";
			productReference = 00CDF8CA295E3D0300171947 /* spanish-thesaurus-swiftUI.app */;
			productType = "com.apple.product-type.application";
		};
/* End PBXNativeTarget section */

/* Begin PBXProject section */
		00CDF8C2295E3D0300171947 /* Project object */ = {
			isa = PBXProject;
			attributes = {
				BuildIndependentTargetsInParallel = 1;
				LastSwiftUpdateCheck = 1420;
				LastUpgradeCheck = 1420;
				TargetAttributes = {
					00CDF8C9295E3D0300171947 = {
						CreatedOnToolsVersion = 14.2;
					};
				};
			};
			buildConfigurationList = 00CDF8C5295E3D0300171947 /* Build configuration list for PBXProject "spanish-thesaurus-swiftUI" */;
			compatibilityVersion = "Xcode 14.0";
			developmentRegion = en;
			hasScannedForEncodings = 0;
			knownRegions = (
				en,
				Base,
			);
			mainGroup = 00CDF8C1295E3D0300171947;
			productRefGroup = 00CDF8CB295E3D0300171947 /* Products */;
			projectDirPath = "";
			projectRoot = "";
			targets = (
				00CDF8C9295E3D0300171947 /* spanish-thesaurus-swiftUI */,
			);
		};
/* End PBXProject section */

/* Begin PBXResourcesBuildPhase section */
		00CDF8C8295E3D0300171947 /* Resources */ = {
			isa = PBXResourcesBuildPhase;
			buildActionMask = 2147483647;
			files = (
				00CDF8D5295E3D0500171947 /* Preview Assets.xcassets in Resources */,
				00362DCB2988482300BFD114 /* Nunito-VariableFont_wght.ttf in Resources */,
				00362DCC2988482300BFD114 /* Nunito-Italic-VariableFont_wght.ttf in Resources */,
				00CDF8D2295E3D0500171947 /* Assets.xcassets in Resources */,
			);
			runOnlyForDeploymentPostprocessing = 0;
		};
/* End PBXResourcesBuildPhase section */

/* Begin PBXSourcesBuildPhase section */
		00CDF8C6295E3D0300171947 /* Sources */ = {
			isa = PBXSourcesBuildPhase;
			buildActionMask = 2147483647;
			files = (
				004768822989AC9D006A5128 /* Search.swift in Sources */,
				0047687A29899A52006A5128 /* SplashView.swift in Sources */,
				004C8AC12993FD7C0069D1F9 /* offset.swift in Sources */,
				005C6C7A299E9780009D9362 /* HomeViewModel.swift in Sources */,
				00E35EC2299BDD4A00C052D8 /* EntryDataServices.swift in Sources */,
				00CDF8E2295E3DE100171947 /* HideKeyboard.swift in Sources */,
				004768802989A97B006A5128 /* Home.swift in Sources */,
				005C6C7E299E9A20009D9362 /* PreviewProvider.swift in Sources */,
				005C6C7C299E99DE009D9362 /* EntryRowView.swift in Sources */,
				00362DC8298847AB00BFD114 /* SplashViewOld.swift in Sources */,
				00CDF8D0295E3D0300171947 /* HomeView.swift in Sources */,
				00CDF8CE295E3D0300171947 /* spanish_thesaurus_swiftUIApp.swift in Sources */,
				00E35EBF299BDB8E00C052D8 /* EntryModel.swift in Sources */,
				00CDF8DD295E3D1E00171947 /* SearchBar.swift in Sources */,
				00466C4729842AC400D8DBDC /* sheetView.swift in Sources */,
				00466C49298436C700D8DBDC /* SearchRecents.swift in Sources */,
				00CDF8DF295E3D6500171947 /* Tabs.swift in Sources */,
				004C8AE12995457B0069D1F9 /* Favorites.swift in Sources */,
			);
			runOnlyForDeploymentPostprocessing = 0;
		};
/* End PBXSourcesBuildPhase section */

/* Begin XCBuildConfiguration section */
		00CDF8D6295E3D0500171947 /* Debug */ = {
			isa = XCBuildConfiguration;
			buildSettings = {
				ALWAYS_SEARCH_USER_PATHS = NO;
				CLANG_ANALYZER_NONNULL = YES;
				CLANG_ANALYZER_NUMBER_OBJECT_CONVERSION = YES_AGGRESSIVE;
				CLANG_CXX_LANGUAGE_STANDARD = "gnu++20";
				CLANG_ENABLE_MODULES = YES;
				CLANG_ENABLE_OBJC_ARC = YES;
				CLANG_ENABLE_OBJC_WEAK = YES;
				CLANG_WARN_BLOCK_CAPTURE_AUTORELEASING = YES;
				CLANG_WARN_BOOL_CONVERSION = YES;
				CLANG_WARN_COMMA = YES;
				CLANG_WARN_CONSTANT_CONVERSION = YES;
				CLANG_WARN_DEPRECATED_OBJC_IMPLEMENTATIONS = YES;
				CLANG_WARN_DIRECT_OBJC_ISA_USAGE = YES_ERROR;
				CLANG_WARN_DOCUMENTATION_COMMENTS = YES;
				CLANG_WARN_EMPTY_BODY = YES;
				CLANG_WARN_ENUM_CONVERSION = YES;
				CLANG_WARN_INFINITE_RECURSION = YES;
				CLANG_WARN_INT_CONVERSION = YES;
				CLANG_WARN_NON_LITERAL_NULL_CONVERSION = YES;
				CLANG_WARN_OBJC_IMPLICIT_RETAIN_SELF = YES;
				CLANG_WARN_OBJC_LITERAL_CONVERSION = YES;
				CLANG_WARN_OBJC_ROOT_CLASS = YES_ERROR;
				CLANG_WARN_QUOTED_INCLUDE_IN_FRAMEWORK_HEADER = YES;
				CLANG_WARN_RANGE_LOOP_ANALYSIS = YES;
				CLANG_WARN_STRICT_PROTOTYPES = YES;
				CLANG_WARN_SUSPICIOUS_MOVE = YES;
				CLANG_WARN_UNGUARDED_AVAILABILITY = YES_AGGRESSIVE;
				CLANG_WARN_UNREACHABLE_CODE = YES;
				CLANG_WARN__DUPLICATE_METHOD_MATCH = YES;
				COPY_PHASE_STRIP = NO;
				DEBUG_INFORMATION_FORMAT = dwarf;
				ENABLE_STRICT_OBJC_MSGSEND = YES;
				ENABLE_TESTABILITY = YES;
				GCC_C_LANGUAGE_STANDARD = gnu11;
				GCC_DYNAMIC_NO_PIC = NO;
				GCC_NO_COMMON_BLOCKS = YES;
				GCC_OPTIMIZATION_LEVEL = 0;
				GCC_PREPROCESSOR_DEFINITIONS = (
					"DEBUG=1",
					"$(inherited)",
				);
				GCC_WARN_64_TO_32_BIT_CONVERSION = YES;
				GCC_WARN_ABOUT_RETURN_TYPE = YES_ERROR;
				GCC_WARN_UNDECLARED_SELECTOR = YES;
				GCC_WARN_UNINITIALIZED_AUTOS = YES_AGGRESSIVE;
				GCC_WARN_UNUSED_FUNCTION = YES;
				GCC_WARN_UNUSED_VARIABLE = YES;
				IPHONEOS_DEPLOYMENT_TARGET = 16.2;
				MTL_ENABLE_DEBUG_INFO = INCLUDE_SOURCE;
				MTL_FAST_MATH = YES;
				ONLY_ACTIVE_ARCH = YES;
				SDKROOT = iphoneos;
				SWIFT_ACTIVE_COMPILATION_CONDITIONS = DEBUG;
				SWIFT_OPTIMIZATION_LEVEL = "-Onone";
			};
			name = Debug;
		};
		00CDF8D7295E3D0500171947 /* Release */ = {
			isa = XCBuildConfiguration;
			buildSettings = {
				ALWAYS_SEARCH_USER_PATHS = NO;
				CLANG_ANALYZER_NONNULL = YES;
				CLANG_ANALYZER_NUMBER_OBJECT_CONVERSION = YES_AGGRESSIVE;
				CLANG_CXX_LANGUAGE_STANDARD = "gnu++20";
				CLANG_ENABLE_MODULES = YES;
				CLANG_ENABLE_OBJC_ARC = YES;
				CLANG_ENABLE_OBJC_WEAK = YES;
				CLANG_WARN_BLOCK_CAPTURE_AUTORELEASING = YES;
				CLANG_WARN_BOOL_CONVERSION = YES;
				CLANG_WARN_COMMA = YES;
				CLANG_WARN_CONSTANT_CONVERSION = YES;
				CLANG_WARN_DEPRECATED_OBJC_IMPLEMENTATIONS = YES;
				CLANG_WARN_DIRECT_OBJC_ISA_USAGE = YES_ERROR;
				CLANG_WARN_DOCUMENTATION_COMMENTS = YES;
				CLANG_WARN_EMPTY_BODY = YES;
				CLANG_WARN_ENUM_CONVERSION = YES;
				CLANG_WARN_INFINITE_RECURSION = YES;
				CLANG_WARN_INT_CONVERSION = YES;
				CLANG_WARN_NON_LITERAL_NULL_CONVERSION = YES;
				CLANG_WARN_OBJC_IMPLICIT_RETAIN_SELF = YES;
				CLANG_WARN_OBJC_LITERAL_CONVERSION = YES;
				CLANG_WARN_OBJC_ROOT_CLASS = YES_ERROR;
				CLANG_WARN_QUOTED_INCLUDE_IN_FRAMEWORK_HEADER = YES;
				CLANG_WARN_RANGE_LOOP_ANALYSIS = YES;
				CLANG_WARN_STRICT_PROTOTYPES = YES;
				CLANG_WARN_SUSPICIOUS_MOVE = YES;
				CLANG_WARN_UNGUARDED_AVAILABILITY = YES_AGGRESSIVE;
				CLANG_WARN_UNREACHABLE_CODE = YES;
				CLANG_WARN__DUPLICATE_METHOD_MATCH = YES;
				COPY_PHASE_STRIP = NO;
				DEBUG_INFORMATION_FORMAT = "dwarf-with-dsym";
				ENABLE_NS_ASSERTIONS = NO;
				ENABLE_STRICT_OBJC_MSGSEND = YES;
				GCC_C_LANGUAGE_STANDARD = gnu11;
				GCC_NO_COMMON_BLOCKS = YES;
				GCC_WARN_64_TO_32_BIT_CONVERSION = YES;
				GCC_WARN_ABOUT_RETURN_TYPE = YES_ERROR;
				GCC_WARN_UNDECLARED_SELECTOR = YES;
				GCC_WARN_UNINITIALIZED_AUTOS = YES_AGGRESSIVE;
				GCC_WARN_UNUSED_FUNCTION = YES;
				GCC_WARN_UNUSED_VARIABLE = YES;
				IPHONEOS_DEPLOYMENT_TARGET = 16.2;
				MTL_ENABLE_DEBUG_INFO = NO;
				MTL_FAST_MATH = YES;
				SDKROOT = iphoneos;
				SWIFT_COMPILATION_MODE = wholemodule;
				SWIFT_OPTIMIZATION_LEVEL = "-O";
				VALIDATE_PRODUCT = YES;
			};
			name = Release;
		};
		00CDF8D9295E3D0500171947 /* Debug */ = {
			isa = XCBuildConfiguration;
			buildSettings = {
				ASSETCATALOG_COMPILER_APPICON_NAME = AppIcon;
				ASSETCATALOG_COMPILER_GLOBAL_ACCENT_COLOR_NAME = AccentColor;
				CODE_SIGN_STYLE = Automatic;
				CURRENT_PROJECT_VERSION = 1;
				DEVELOPMENT_ASSET_PATHS = "\"spanish-thesaurus-swiftUI/Preview Content\"";
				DEVELOPMENT_TEAM = 3C8F2SX887;
				ENABLE_PREVIEWS = YES;
				GENERATE_INFOPLIST_FILE = YES;
				INFOPLIST_FILE = "spanish-thesaurus-swiftUI/Info.plist";
				INFOPLIST_KEY_UIApplicationSceneManifest_Generation = YES;
				INFOPLIST_KEY_UIApplicationSupportsIndirectInputEvents = YES;
				INFOPLIST_KEY_UILaunchScreen_Generation = YES;
				INFOPLIST_KEY_UILaunchStoryboardName = " ";
				INFOPLIST_KEY_UISupportedInterfaceOrientations_iPad = "UIInterfaceOrientationPortrait UIInterfaceOrientationPortraitUpsideDown UIInterfaceOrientationLandscapeLeft UIInterfaceOrientationLandscapeRight";
				INFOPLIST_KEY_UISupportedInterfaceOrientations_iPhone = "UIInterfaceOrientationPortrait UIInterfaceOrientationLandscapeLeft UIInterfaceOrientationLandscapeRight";
				LD_RUNPATH_SEARCH_PATHS = (
					"$(inherited)",
					"@executable_path/Frameworks",
				);
				MARKETING_VERSION = 1.0;
				PRODUCT_BUNDLE_IDENTIFIER = "com.beausalgado.spanish-thesaurus-swiftUI";
				PRODUCT_NAME = "$(TARGET_NAME)";
				SWIFT_EMIT_LOC_STRINGS = YES;
				SWIFT_VERSION = 5.0;
				TARGETED_DEVICE_FAMILY = "1,2";
			};
			name = Debug;
		};
		00CDF8DA295E3D0500171947 /* Release */ = {
			isa = XCBuildConfiguration;
			buildSettings = {
				ASSETCATALOG_COMPILER_APPICON_NAME = AppIcon;
				ASSETCATALOG_COMPILER_GLOBAL_ACCENT_COLOR_NAME = AccentColor;
				CODE_SIGN_STYLE = Automatic;
				CURRENT_PROJECT_VERSION = 1;
				DEVELOPMENT_ASSET_PATHS = "\"spanish-thesaurus-swiftUI/Preview Content\"";
				DEVELOPMENT_TEAM = 3C8F2SX887;
				ENABLE_PREVIEWS = YES;
				GENERATE_INFOPLIST_FILE = YES;
				INFOPLIST_FILE = "spanish-thesaurus-swiftUI/Info.plist";
				INFOPLIST_KEY_UIApplicationSceneManifest_Generation = YES;
				INFOPLIST_KEY_UIApplicationSupportsIndirectInputEvents = YES;
				INFOPLIST_KEY_UILaunchScreen_Generation = YES;
				INFOPLIST_KEY_UILaunchStoryboardName = " ";
				INFOPLIST_KEY_UISupportedInterfaceOrientations_iPad = "UIInterfaceOrientationPortrait UIInterfaceOrientationPortraitUpsideDown UIInterfaceOrientationLandscapeLeft UIInterfaceOrientationLandscapeRight";
				INFOPLIST_KEY_UISupportedInterfaceOrientations_iPhone = "UIInterfaceOrientationPortrait UIInterfaceOrientationLandscapeLeft UIInterfaceOrientationLandscapeRight";
				LD_RUNPATH_SEARCH_PATHS = (
					"$(inherited)",
					"@executable_path/Frameworks",
				);
				MARKETING_VERSION = 1.0;
				PRODUCT_BUNDLE_IDENTIFIER = "com.beausalgado.spanish-thesaurus-swiftUI";
				PRODUCT_NAME = "$(TARGET_NAME)";
				SWIFT_EMIT_LOC_STRINGS = YES;
				SWIFT_VERSION = 5.0;
				TARGETED_DEVICE_FAMILY = "1,2";
			};
			name = Release;
		};
/* End XCBuildConfiguration section */

/* Begin XCConfigurationList section */
		00CDF8C5295E3D0300171947 /* Build configuration list for PBXProject "spanish-thesaurus-swiftUI" */ = {
			isa = XCConfigurationList;
			buildConfigurations = (
				00CDF8D6295E3D0500171947 /* Debug */,
				00CDF8D7295E3D0500171947 /* Release */,
			);
			defaultConfigurationIsVisible = 0;
			defaultConfigurationName = Release;
		};
		00CDF8D8295E3D0500171947 /* Build configuration list for PBXNativeTarget "spanish-thesaurus-swiftUI" */ = {
			isa = XCConfigurationList;
			buildConfigurations = (
				00CDF8D9295E3D0500171947 /* Debug */,
				00CDF8DA295E3D0500171947 /* Release */,
			);
			defaultConfigurationIsVisible = 0;
			defaultConfigurationName = Release;
		};
/* End XCConfigurationList section */
	};
	rootObject = 00CDF8C2295E3D0300171947 /* Project object */;
}
