// !$*UTF8*$!
{
	archiveVersion = 1;
	classes = {
	};
	objectVersion = 56;
	objects = {

/* Begin PBXBuildFile section */
		000DDE052AD4BFFE00074AFD /* Heart.swift in Sources */ = {isa = PBXBuildFile; fileRef = 000DDE042AD4BFFE00074AFD /* Heart.swift */; };
		001A089B2A99494B009B36CC /* SearchTabBackup.swift in Sources */ = {isa = PBXBuildFile; fileRef = 001A089A2A99494B009B36CC /* SearchTabBackup.swift */; };
		001A089D2A994A46009B36CC /* SearchBar.swift in Sources */ = {isa = PBXBuildFile; fileRef = 001A089C2A994A46009B36CC /* SearchBar.swift */; };
		001A089F2A994DBC009B36CC /* DataEntryServiceBackUp.swift in Sources */ = {isa = PBXBuildFile; fileRef = 001A089E2A994DBC009B36CC /* DataEntryServiceBackUp.swift */; };
		001A08A12A994F30009B36CC /* DataEntryServiceMostRecentBackUp.swift in Sources */ = {isa = PBXBuildFile; fileRef = 001A08A02A994F30009B36CC /* DataEntryServiceMostRecentBackUp.swift */; };
		0028D55229AD128900245F48 /* CustomHeader.swift in Sources */ = {isa = PBXBuildFile; fileRef = 0028D55129AD128900245F48 /* CustomHeader.swift */; };
		0028D55729AD3EB400245F48 /* EntryDataService.swift in Sources */ = {isa = PBXBuildFile; fileRef = 0028D55629AD3EB400245F48 /* EntryDataService.swift */; };
		0028D55929AD407B00245F48 /* EntryViewModel.swift in Sources */ = {isa = PBXBuildFile; fileRef = 0028D55829AD407B00245F48 /* EntryViewModel.swift */; };
		0028D55B29AD458100245F48 /* testDataService.swift in Sources */ = {isa = PBXBuildFile; fileRef = 0028D55A29AD458100245F48 /* testDataService.swift */; };
		0028D55D29AD462600245F48 /* test1ViewModel.swift in Sources */ = {isa = PBXBuildFile; fileRef = 0028D55C29AD462600245F48 /* test1ViewModel.swift */; };
		002DC5DF29DB3DD40008E16A /* EntryDataServiceSingle.swift in Sources */ = {isa = PBXBuildFile; fileRef = 002DC5DE29DB3DD40008E16A /* EntryDataServiceSingle.swift */; };
		00362DC8298847AB00BFD114 /* SplashViewOld.swift in Sources */ = {isa = PBXBuildFile; fileRef = 00362DC7298847AB00BFD114 /* SplashViewOld.swift */; };
		00362DCB2988482300BFD114 /* Nunito-VariableFont_wght.ttf in Resources */ = {isa = PBXBuildFile; fileRef = 00362DC92988482300BFD114 /* Nunito-VariableFont_wght.ttf */; };
		00362DCC2988482300BFD114 /* Nunito-Italic-VariableFont_wght.ttf in Resources */ = {isa = PBXBuildFile; fileRef = 00362DCA2988482300BFD114 /* Nunito-Italic-VariableFont_wght.ttf */; };
		0044BD7229CCF3D300765261 /* ShareIcon.swift in Sources */ = {isa = PBXBuildFile; fileRef = 0044BD7129CCF3D300765261 /* ShareIcon.swift */; };
		00466C4729842AC400D8DBDC /* Sheet.swift in Sources */ = {isa = PBXBuildFile; fileRef = 00466C4629842AC400D8DBDC /* Sheet.swift */; };
		00466C49298436C700D8DBDC /* SearchRecents.swift in Sources */ = {isa = PBXBuildFile; fileRef = 00466C48298436C700D8DBDC /* SearchRecents.swift */; };
		0047687A29899A52006A5128 /* Splash.swift in Sources */ = {isa = PBXBuildFile; fileRef = 0047687929899A52006A5128 /* Splash.swift */; };
		004768802989A97B006A5128 /* HomeTab.swift in Sources */ = {isa = PBXBuildFile; fileRef = 0047687F2989A97B006A5128 /* HomeTab.swift */; };
		004768822989AC9D006A5128 /* SearchTab.swift in Sources */ = {isa = PBXBuildFile; fileRef = 004768812989AC9D006A5128 /* SearchTab.swift */; };
		0047716929AE5C3100790187 /* bindingTest.swift in Sources */ = {isa = PBXBuildFile; fileRef = 0047716829AE5C3100790187 /* bindingTest.swift */; };
		0047716B29AE5DFA00790187 /* stringdata.swift in Sources */ = {isa = PBXBuildFile; fileRef = 0047716A29AE5DFA00790187 /* stringdata.swift */; };
		0047717129AF9ED700790187 /* testchat.swift in Sources */ = {isa = PBXBuildFile; fileRef = 0047717029AF9ED700790187 /* testchat.swift */; };
		0049CF5D29CC065D00DA8F53 /* HomeHeader.swift in Sources */ = {isa = PBXBuildFile; fileRef = 0049CF5C29CC065D00DA8F53 /* HomeHeader.swift */; };
		004C8AC12993FD7C0069D1F9 /* offset.swift in Sources */ = {isa = PBXBuildFile; fileRef = 004C8AC02993FD7C0069D1F9 /* offset.swift */; };
		004C8AE12995457B0069D1F9 /* FavoritesTab.swift in Sources */ = {isa = PBXBuildFile; fileRef = 004C8AE02995457B0069D1F9 /* FavoritesTab.swift */; };
		004CB35E29AA6CD400364AE3 /* Networking Manager.swift in Sources */ = {isa = PBXBuildFile; fileRef = 004CB35D29AA6CD400364AE3 /* Networking Manager.swift */; };
		005966CD2ABA4A9A00A40312 /* FavoritesAndHistoryContainer.xcdatamodeld in Sources */ = {isa = PBXBuildFile; fileRef = 005966CB2ABA4A9A00A40312 /* FavoritesAndHistoryContainer.xcdatamodeld */; };
		005966D12ABA4B9500A40312 /* ViewEntities.swift in Sources */ = {isa = PBXBuildFile; fileRef = 005966D02ABA4B9500A40312 /* ViewEntities.swift */; };
		005966D32ABA550100A40312 /* CoreDataHistory.swift in Sources */ = {isa = PBXBuildFile; fileRef = 005966D22ABA550100A40312 /* CoreDataHistory.swift */; };
		005C6C7A299E9780009D9362 /* HomeViewModel.swift in Sources */ = {isa = PBXBuildFile; fileRef = 005C6C79299E9780009D9362 /* HomeViewModel.swift */; };
		005C6C7C299E99DE009D9362 /* EntryRow.swift in Sources */ = {isa = PBXBuildFile; fileRef = 005C6C7B299E99DE009D9362 /* EntryRow.swift */; };
		005C6C7E299E9A20009D9362 /* PreviewProvider.swift in Sources */ = {isa = PBXBuildFile; fileRef = 005C6C7D299E9A20009D9362 /* PreviewProvider.swift */; };
		006A905F2ACCC643001F136A /* OldLikeHeart.swift in Sources */ = {isa = PBXBuildFile; fileRef = 006A905E2ACCC643001F136A /* OldLikeHeart.swift */; };
		0075ECB729E8814900273D8E /* SearchBar2.swift in Sources */ = {isa = PBXBuildFile; fileRef = 0075ECB629E8814900273D8E /* SearchBar2.swift */; };
		0075ECB929E8885600273D8E /* CoreDataFavorites.swift in Sources */ = {isa = PBXBuildFile; fileRef = 0075ECB829E8885600273D8E /* CoreDataFavorites.swift */; };
		0075ECBE29E889A000273D8E /* CoreDataTest.swift in Sources */ = {isa = PBXBuildFile; fileRef = 0075ECBD29E889A000273D8E /* CoreDataTest.swift */; };
		0075ECC029E88A4900273D8E /* UserModel.swift in Sources */ = {isa = PBXBuildFile; fileRef = 0075ECBF29E88A4900273D8E /* UserModel.swift */; };
		0079F75F29B1137D009E8DB1 /* recentlySearched.swift in Sources */ = {isa = PBXBuildFile; fileRef = 0079F75E29B1137D009E8DB1 /* recentlySearched.swift */; };
		0079F76129B11907009E8DB1 /* RecentlySearched.swift in Sources */ = {isa = PBXBuildFile; fileRef = 0079F76029B11907009E8DB1 /* RecentlySearched.swift */; };
		0079F76329B11F48009E8DB1 /* AutocompleteResults.swift in Sources */ = {isa = PBXBuildFile; fileRef = 0079F76229B11F48009E8DB1 /* AutocompleteResults.swift */; };
		0084015929CBE34C000B09E9 /* Searchbar11.swift in Sources */ = {isa = PBXBuildFile; fileRef = 0084015829CBE34C000B09E9 /* Searchbar11.swift */; };
		0084015D29CBE4D5000B09E9 /* FavoritesList.swift in Sources */ = {isa = PBXBuildFile; fileRef = 0084015C29CBE4D5000B09E9 /* FavoritesList.swift */; };
		009893392AD9C82100DEFEDA /* OldRecents.swift in Sources */ = {isa = PBXBuildFile; fileRef = 009893382AD9C82100DEFEDA /* OldRecents.swift */; };
		0098933B2AD9CD9000DEFEDA /* Searchbarfix.swift in Sources */ = {isa = PBXBuildFile; fileRef = 0098933A2AD9CD9000DEFEDA /* Searchbarfix.swift */; };
		009893412AD9D19E00DEFEDA /* Xmark.swift in Sources */ = {isa = PBXBuildFile; fileRef = 009893402AD9D19E00DEFEDA /* Xmark.swift */; };
		009B424D29F1DB350097A4BF /* CoreDataTest1.swift in Sources */ = {isa = PBXBuildFile; fileRef = 009B424C29F1DB350097A4BF /* CoreDataTest1.swift */; };
		009BA0FA29DD144800BA8B30 /* to-do.rtf in Resources */ = {isa = PBXBuildFile; fileRef = 009BA0F929DD144800BA8B30 /* to-do.rtf */; };
		009C105B29F74E0600EB1683 /* DataTransfer.swift in Sources */ = {isa = PBXBuildFile; fileRef = 009C105A29F74E0600EB1683 /* DataTransfer.swift */; };
		00A8E70929D6164B009C79F6 /* EntryRow1.swift in Sources */ = {isa = PBXBuildFile; fileRef = 00A8E70829D6164B009C79F6 /* EntryRow1.swift */; };
		00A8E70B29D617FC009C79F6 /* SearchResults1.swift in Sources */ = {isa = PBXBuildFile; fileRef = 00A8E70A29D617FC009C79F6 /* SearchResults1.swift */; };
		00B4B6312A952DDD0022AACE /* fixentrybug.swift in Sources */ = {isa = PBXBuildFile; fileRef = 00B4B6302A952DDD0022AACE /* fixentrybug.swift */; };
		00B9B42529A680C0001DE1D5 /* SearchResults.swift in Sources */ = {isa = PBXBuildFile; fileRef = 00B9B42429A680C0001DE1D5 /* SearchResults.swift */; };
		00B9B42729A6AD1B001DE1D5 /* test.swift in Sources */ = {isa = PBXBuildFile; fileRef = 00B9B42629A6AD1B001DE1D5 /* test.swift */; };
		00B9B42929A6CA05001DE1D5 /* StringMods.swift in Sources */ = {isa = PBXBuildFile; fileRef = 00B9B42829A6CA05001DE1D5 /* StringMods.swift */; };
		00B9B42D29A6CB43001DE1D5 /* TrimTrailing.swift in Sources */ = {isa = PBXBuildFile; fileRef = 00B9B42C29A6CB43001DE1D5 /* TrimTrailing.swift */; };
		00B9B42F29A701FD001DE1D5 /* scrollview.swift in Sources */ = {isa = PBXBuildFile; fileRef = 00B9B42E29A701FD001DE1D5 /* scrollview.swift */; };
		00BBCDB12ACF843C00C999F3 /* EntryRowDeletedCode.swift in Sources */ = {isa = PBXBuildFile; fileRef = 00BBCDB02ACF843C00C999F3 /* EntryRowDeletedCode.swift */; };
		00CDF8CE295E3D0300171947 /* spanish_thesaurus_swiftUIApp.swift in Sources */ = {isa = PBXBuildFile; fileRef = 00CDF8CD295E3D0300171947 /* spanish_thesaurus_swiftUIApp.swift */; };
		00CDF8D0295E3D0300171947 /* Index.swift in Sources */ = {isa = PBXBuildFile; fileRef = 00CDF8CF295E3D0300171947 /* Index.swift */; };
		00CDF8D2295E3D0500171947 /* Assets.xcassets in Resources */ = {isa = PBXBuildFile; fileRef = 00CDF8D1295E3D0500171947 /* Assets.xcassets */; };
		00CDF8D5295E3D0500171947 /* Preview Assets.xcassets in Resources */ = {isa = PBXBuildFile; fileRef = 00CDF8D4295E3D0500171947 /* Preview Assets.xcassets */; };
		00CDF8DD295E3D1E00171947 /* SearchbarPrototype.swift in Sources */ = {isa = PBXBuildFile; fileRef = 00CDF8DC295E3D1E00171947 /* SearchbarPrototype.swift */; };
		00CDF8DF295E3D6500171947 /* Tabs.swift in Sources */ = {isa = PBXBuildFile; fileRef = 00CDF8DE295E3D6500171947 /* Tabs.swift */; };
		00CDF8E2295E3DE100171947 /* HideKeyboard.swift in Sources */ = {isa = PBXBuildFile; fileRef = 00CDF8E1295E3DE100171947 /* HideKeyboard.swift */; };
		00D205E929CE474E001E9E09 /* CustomTabBarView.swift in Sources */ = {isa = PBXBuildFile; fileRef = 00D205E829CE474E001E9E09 /* CustomTabBarView.swift */; };
		00E07AD529B259E5006D7429 /* LikeHeart.swift in Sources */ = {isa = PBXBuildFile; fileRef = 00E07AD429B259E5006D7429 /* LikeHeart.swift */; };
		00E07AD729B2A4C3006D7429 /* testset.swift in Sources */ = {isa = PBXBuildFile; fileRef = 00E07AD629B2A4C3006D7429 /* testset.swift */; };
		00E35EBF299BDB8E00C052D8 /* EntryModel.swift in Sources */ = {isa = PBXBuildFile; fileRef = 00E35EBE299BDB8E00C052D8 /* EntryModel.swift */; };
		00E35EC2299BDD4A00C052D8 /* EntriesDataServices.swift in Sources */ = {isa = PBXBuildFile; fileRef = 00E35EC1299BDD4A00C052D8 /* EntriesDataServices.swift */; };
		00E7B81D2AD5DB1E007D7931 /* oldFavoritesList.swift in Sources */ = {isa = PBXBuildFile; fileRef = 00E7B81C2AD5DB1E007D7931 /* oldFavoritesList.swift */; };
		00E7B81F2AD5DDA0007D7931 /* EntryRowFavorites.swift in Sources */ = {isa = PBXBuildFile; fileRef = 00E7B81E2AD5DDA0007D7931 /* EntryRowFavorites.swift */; };
/* End PBXBuildFile section */

/* Begin PBXFileReference section */
		000DDE042AD4BFFE00074AFD /* Heart.swift */ = {isa = PBXFileReference; lastKnownFileType = sourcecode.swift; path = Heart.swift; sourceTree = "<group>"; };
		001A089A2A99494B009B36CC /* SearchTabBackup.swift */ = {isa = PBXFileReference; lastKnownFileType = sourcecode.swift; path = SearchTabBackup.swift; sourceTree = "<group>"; };
		001A089C2A994A46009B36CC /* SearchBar.swift */ = {isa = PBXFileReference; lastKnownFileType = sourcecode.swift; path = SearchBar.swift; sourceTree = "<group>"; };
		001A089E2A994DBC009B36CC /* DataEntryServiceBackUp.swift */ = {isa = PBXFileReference; lastKnownFileType = sourcecode.swift; path = DataEntryServiceBackUp.swift; sourceTree = "<group>"; };
		001A08A02A994F30009B36CC /* DataEntryServiceMostRecentBackUp.swift */ = {isa = PBXFileReference; lastKnownFileType = sourcecode.swift; path = DataEntryServiceMostRecentBackUp.swift; sourceTree = "<group>"; };
		0028D55129AD128900245F48 /* CustomHeader.swift */ = {isa = PBXFileReference; lastKnownFileType = sourcecode.swift; path = CustomHeader.swift; sourceTree = "<group>"; };
		0028D55629AD3EB400245F48 /* EntryDataService.swift */ = {isa = PBXFileReference; lastKnownFileType = sourcecode.swift; path = EntryDataService.swift; sourceTree = "<group>"; };
		0028D55829AD407B00245F48 /* EntryViewModel.swift */ = {isa = PBXFileReference; lastKnownFileType = sourcecode.swift; path = EntryViewModel.swift; sourceTree = "<group>"; };
		0028D55A29AD458100245F48 /* testDataService.swift */ = {isa = PBXFileReference; lastKnownFileType = sourcecode.swift; path = testDataService.swift; sourceTree = "<group>"; };
		0028D55C29AD462600245F48 /* test1ViewModel.swift */ = {isa = PBXFileReference; lastKnownFileType = sourcecode.swift; path = test1ViewModel.swift; sourceTree = "<group>"; };
		002DC5DE29DB3DD40008E16A /* EntryDataServiceSingle.swift */ = {isa = PBXFileReference; lastKnownFileType = sourcecode.swift; path = EntryDataServiceSingle.swift; sourceTree = "<group>"; };
		00362DC7298847AB00BFD114 /* SplashViewOld.swift */ = {isa = PBXFileReference; lastKnownFileType = sourcecode.swift; path = SplashViewOld.swift; sourceTree = "<group>"; };
		00362DC92988482300BFD114 /* Nunito-VariableFont_wght.ttf */ = {isa = PBXFileReference; lastKnownFileType = file; path = "Nunito-VariableFont_wght.ttf"; sourceTree = "<group>"; };
		00362DCA2988482300BFD114 /* Nunito-Italic-VariableFont_wght.ttf */ = {isa = PBXFileReference; lastKnownFileType = file; path = "Nunito-Italic-VariableFont_wght.ttf"; sourceTree = "<group>"; };
		00362DEE29884A5500BFD114 /* Info.plist */ = {isa = PBXFileReference; lastKnownFileType = text.plist; path = Info.plist; sourceTree = "<group>"; };
		0044BD7129CCF3D300765261 /* ShareIcon.swift */ = {isa = PBXFileReference; lastKnownFileType = sourcecode.swift; path = ShareIcon.swift; sourceTree = "<group>"; };
		00466C4629842AC400D8DBDC /* Sheet.swift */ = {isa = PBXFileReference; lastKnownFileType = sourcecode.swift; path = Sheet.swift; sourceTree = "<group>"; };
		00466C48298436C700D8DBDC /* SearchRecents.swift */ = {isa = PBXFileReference; lastKnownFileType = sourcecode.swift; path = SearchRecents.swift; sourceTree = "<group>"; };
		0047687929899A52006A5128 /* Splash.swift */ = {isa = PBXFileReference; lastKnownFileType = sourcecode.swift; path = Splash.swift; sourceTree = "<group>"; };
		0047687F2989A97B006A5128 /* HomeTab.swift */ = {isa = PBXFileReference; lastKnownFileType = sourcecode.swift; path = HomeTab.swift; sourceTree = "<group>"; };
		004768812989AC9D006A5128 /* SearchTab.swift */ = {isa = PBXFileReference; lastKnownFileType = sourcecode.swift; path = SearchTab.swift; sourceTree = "<group>"; };
		0047716829AE5C3100790187 /* bindingTest.swift */ = {isa = PBXFileReference; lastKnownFileType = sourcecode.swift; path = bindingTest.swift; sourceTree = "<group>"; };
		0047716A29AE5DFA00790187 /* stringdata.swift */ = {isa = PBXFileReference; lastKnownFileType = sourcecode.swift; path = stringdata.swift; sourceTree = "<group>"; };
		0047717029AF9ED700790187 /* testchat.swift */ = {isa = PBXFileReference; lastKnownFileType = sourcecode.swift; path = testchat.swift; sourceTree = "<group>"; };
		0049CF5C29CC065D00DA8F53 /* HomeHeader.swift */ = {isa = PBXFileReference; lastKnownFileType = sourcecode.swift; path = HomeHeader.swift; sourceTree = "<group>"; };
		004C8AC02993FD7C0069D1F9 /* offset.swift */ = {isa = PBXFileReference; lastKnownFileType = sourcecode.swift; path = offset.swift; sourceTree = "<group>"; };
		004C8AE02995457B0069D1F9 /* FavoritesTab.swift */ = {isa = PBXFileReference; lastKnownFileType = sourcecode.swift; path = FavoritesTab.swift; sourceTree = "<group>"; };
		004CB35D29AA6CD400364AE3 /* Networking Manager.swift */ = {isa = PBXFileReference; lastKnownFileType = sourcecode.swift; path = "Networking Manager.swift"; sourceTree = "<group>"; };
		005966CC2ABA4A9A00A40312 /* FavoritesAndHistoryContainer.xcdatamodel */ = {isa = PBXFileReference; lastKnownFileType = wrapper.xcdatamodel; path = FavoritesAndHistoryContainer.xcdatamodel; sourceTree = "<group>"; };
		005966D02ABA4B9500A40312 /* ViewEntities.swift */ = {isa = PBXFileReference; lastKnownFileType = sourcecode.swift; path = ViewEntities.swift; sourceTree = "<group>"; };
		005966D22ABA550100A40312 /* CoreDataHistory.swift */ = {isa = PBXFileReference; lastKnownFileType = sourcecode.swift; path = CoreDataHistory.swift; sourceTree = "<group>"; };
		005C6C79299E9780009D9362 /* HomeViewModel.swift */ = {isa = PBXFileReference; lastKnownFileType = sourcecode.swift; path = HomeViewModel.swift; sourceTree = "<group>"; };
		005C6C7B299E99DE009D9362 /* EntryRow.swift */ = {isa = PBXFileReference; lastKnownFileType = sourcecode.swift; path = EntryRow.swift; sourceTree = "<group>"; };
		005C6C7D299E9A20009D9362 /* PreviewProvider.swift */ = {isa = PBXFileReference; lastKnownFileType = sourcecode.swift; path = PreviewProvider.swift; sourceTree = "<group>"; };
		006A905E2ACCC643001F136A /* OldLikeHeart.swift */ = {isa = PBXFileReference; lastKnownFileType = sourcecode.swift; path = OldLikeHeart.swift; sourceTree = "<group>"; };
		0075ECB629E8814900273D8E /* SearchBar2.swift */ = {isa = PBXFileReference; lastKnownFileType = sourcecode.swift; path = SearchBar2.swift; sourceTree = "<group>"; };
		0075ECB829E8885600273D8E /* CoreDataFavorites.swift */ = {isa = PBXFileReference; lastKnownFileType = sourcecode.swift; path = CoreDataFavorites.swift; sourceTree = "<group>"; };
		0075ECBD29E889A000273D8E /* CoreDataTest.swift */ = {isa = PBXFileReference; lastKnownFileType = sourcecode.swift; path = CoreDataTest.swift; sourceTree = "<group>"; };
		0075ECBF29E88A4900273D8E /* UserModel.swift */ = {isa = PBXFileReference; lastKnownFileType = sourcecode.swift; path = UserModel.swift; sourceTree = "<group>"; };
		0079F75E29B1137D009E8DB1 /* recentlySearched.swift */ = {isa = PBXFileReference; lastKnownFileType = sourcecode.swift; path = recentlySearched.swift; sourceTree = "<group>"; };
		0079F76029B11907009E8DB1 /* RecentlySearched.swift */ = {isa = PBXFileReference; lastKnownFileType = sourcecode.swift; path = RecentlySearched.swift; sourceTree = "<group>"; };
		0079F76229B11F48009E8DB1 /* AutocompleteResults.swift */ = {isa = PBXFileReference; lastKnownFileType = sourcecode.swift; path = AutocompleteResults.swift; sourceTree = "<group>"; };
		0084015829CBE34C000B09E9 /* Searchbar11.swift */ = {isa = PBXFileReference; lastKnownFileType = sourcecode.swift; path = Searchbar11.swift; sourceTree = "<group>"; };
		0084015C29CBE4D5000B09E9 /* FavoritesList.swift */ = {isa = PBXFileReference; lastKnownFileType = sourcecode.swift; path = FavoritesList.swift; sourceTree = "<group>"; };
		009893382AD9C82100DEFEDA /* OldRecents.swift */ = {isa = PBXFileReference; lastKnownFileType = sourcecode.swift; path = OldRecents.swift; sourceTree = "<group>"; };
		0098933A2AD9CD9000DEFEDA /* Searchbarfix.swift */ = {isa = PBXFileReference; lastKnownFileType = sourcecode.swift; path = Searchbarfix.swift; sourceTree = "<group>"; };
		009893402AD9D19E00DEFEDA /* Xmark.swift */ = {isa = PBXFileReference; lastKnownFileType = sourcecode.swift; path = Xmark.swift; sourceTree = "<group>"; };
		009B424C29F1DB350097A4BF /* CoreDataTest1.swift */ = {isa = PBXFileReference; lastKnownFileType = sourcecode.swift; path = CoreDataTest1.swift; sourceTree = "<group>"; };
		009BA0F929DD144800BA8B30 /* to-do.rtf */ = {isa = PBXFileReference; lastKnownFileType = text.rtf; path = "to-do.rtf"; sourceTree = "<group>"; };
		009C105A29F74E0600EB1683 /* DataTransfer.swift */ = {isa = PBXFileReference; lastKnownFileType = sourcecode.swift; path = DataTransfer.swift; sourceTree = "<group>"; };
		00A8E70829D6164B009C79F6 /* EntryRow1.swift */ = {isa = PBXFileReference; lastKnownFileType = sourcecode.swift; path = EntryRow1.swift; sourceTree = "<group>"; };
		00A8E70A29D617FC009C79F6 /* SearchResults1.swift */ = {isa = PBXFileReference; lastKnownFileType = sourcecode.swift; path = SearchResults1.swift; sourceTree = "<group>"; };
		00B4B6302A952DDD0022AACE /* fixentrybug.swift */ = {isa = PBXFileReference; lastKnownFileType = sourcecode.swift; path = fixentrybug.swift; sourceTree = "<group>"; };
		00B9B42429A680C0001DE1D5 /* SearchResults.swift */ = {isa = PBXFileReference; lastKnownFileType = sourcecode.swift; path = SearchResults.swift; sourceTree = "<group>"; };
		00B9B42629A6AD1B001DE1D5 /* test.swift */ = {isa = PBXFileReference; lastKnownFileType = sourcecode.swift; path = test.swift; sourceTree = "<group>"; };
		00B9B42829A6CA05001DE1D5 /* StringMods.swift */ = {isa = PBXFileReference; lastKnownFileType = sourcecode.swift; path = StringMods.swift; sourceTree = "<group>"; };
		00B9B42C29A6CB43001DE1D5 /* TrimTrailing.swift */ = {isa = PBXFileReference; lastKnownFileType = sourcecode.swift; path = TrimTrailing.swift; sourceTree = "<group>"; };
		00B9B42E29A701FD001DE1D5 /* scrollview.swift */ = {isa = PBXFileReference; lastKnownFileType = sourcecode.swift; path = scrollview.swift; sourceTree = "<group>"; };
		00BBCDB02ACF843C00C999F3 /* EntryRowDeletedCode.swift */ = {isa = PBXFileReference; lastKnownFileType = sourcecode.swift; path = EntryRowDeletedCode.swift; sourceTree = "<group>"; };
		00CDF8CA295E3D0300171947 /* spanish-thesaurus-swiftUI.app */ = {isa = PBXFileReference; explicitFileType = wrapper.application; includeInIndex = 0; path = "spanish-thesaurus-swiftUI.app"; sourceTree = BUILT_PRODUCTS_DIR; };
		00CDF8CD295E3D0300171947 /* spanish_thesaurus_swiftUIApp.swift */ = {isa = PBXFileReference; lastKnownFileType = sourcecode.swift; path = spanish_thesaurus_swiftUIApp.swift; sourceTree = "<group>"; };
		00CDF8CF295E3D0300171947 /* Index.swift */ = {isa = PBXFileReference; lastKnownFileType = sourcecode.swift; path = Index.swift; sourceTree = "<group>"; };
		00CDF8D1295E3D0500171947 /* Assets.xcassets */ = {isa = PBXFileReference; lastKnownFileType = folder.assetcatalog; path = Assets.xcassets; sourceTree = "<group>"; };
		00CDF8D4295E3D0500171947 /* Preview Assets.xcassets */ = {isa = PBXFileReference; lastKnownFileType = folder.assetcatalog; path = "Preview Assets.xcassets"; sourceTree = "<group>"; };
		00CDF8DC295E3D1E00171947 /* SearchbarPrototype.swift */ = {isa = PBXFileReference; lastKnownFileType = sourcecode.swift; path = SearchbarPrototype.swift; sourceTree = "<group>"; };
		00CDF8DE295E3D6500171947 /* Tabs.swift */ = {isa = PBXFileReference; lastKnownFileType = sourcecode.swift; path = Tabs.swift; sourceTree = "<group>"; };
		00CDF8E1295E3DE100171947 /* HideKeyboard.swift */ = {isa = PBXFileReference; lastKnownFileType = sourcecode.swift; path = HideKeyboard.swift; sourceTree = "<group>"; };
		00D205E829CE474E001E9E09 /* CustomTabBarView.swift */ = {isa = PBXFileReference; lastKnownFileType = sourcecode.swift; path = CustomTabBarView.swift; sourceTree = "<group>"; };
		00E07AD429B259E5006D7429 /* LikeHeart.swift */ = {isa = PBXFileReference; lastKnownFileType = sourcecode.swift; path = LikeHeart.swift; sourceTree = "<group>"; };
		00E07AD629B2A4C3006D7429 /* testset.swift */ = {isa = PBXFileReference; lastKnownFileType = sourcecode.swift; path = testset.swift; sourceTree = "<group>"; };
		00E35EBE299BDB8E00C052D8 /* EntryModel.swift */ = {isa = PBXFileReference; lastKnownFileType = sourcecode.swift; path = EntryModel.swift; sourceTree = "<group>"; };
		00E35EC1299BDD4A00C052D8 /* EntriesDataServices.swift */ = {isa = PBXFileReference; lastKnownFileType = sourcecode.swift; path = EntriesDataServices.swift; sourceTree = "<group>"; };
		00E7B81C2AD5DB1E007D7931 /* oldFavoritesList.swift */ = {isa = PBXFileReference; lastKnownFileType = sourcecode.swift; path = oldFavoritesList.swift; sourceTree = "<group>"; };
		00E7B81E2AD5DDA0007D7931 /* EntryRowFavorites.swift */ = {isa = PBXFileReference; lastKnownFileType = sourcecode.swift; path = EntryRowFavorites.swift; sourceTree = "<group>"; };
/* End PBXFileReference section */

/* Begin PBXFrameworksBuildPhase section */
		00CDF8C7295E3D0300171947 /* Frameworks */ = {
			isa = PBXFrameworksBuildPhase;
			buildActionMask = 2147483647;
			files = (
			);
			runOnlyForDeploymentPostprocessing = 0;
		};
/* End PBXFrameworksBuildPhase section */

/* Begin PBXGroup section */
		001A08A22A994F42009B36CC /* Backups */ = {
			isa = PBXGroup;
			children = (
				002DC5DE29DB3DD40008E16A /* EntryDataServiceSingle.swift */,
				001A089A2A99494B009B36CC /* SearchTabBackup.swift */,
				001A08A02A994F30009B36CC /* DataEntryServiceMostRecentBackUp.swift */,
				001A089E2A994DBC009B36CC /* DataEntryServiceBackUp.swift */,
			);
			path = Backups;
			sourceTree = "<group>";
		};
		00362DED2988499900BFD114 /* Fonts */ = {
			isa = PBXGroup;
			children = (
				00362DCA2988482300BFD114 /* Nunito-Italic-VariableFont_wght.ttf */,
				00362DC92988482300BFD114 /* Nunito-VariableFont_wght.ttf */,
			);
			path = Fonts;
			sourceTree = "<group>";
		};
		0044BEAE2A941C7A00C2CED9 /* Discards */ = {
			isa = PBXGroup;
			children = (
				00E07AD429B259E5006D7429 /* LikeHeart.swift */,
				00BBCDB02ACF843C00C999F3 /* EntryRowDeletedCode.swift */,
				006A905E2ACCC643001F136A /* OldLikeHeart.swift */,
				0075ECBD29E889A000273D8E /* CoreDataTest.swift */,
				009B424C29F1DB350097A4BF /* CoreDataTest1.swift */,
				009C105A29F74E0600EB1683 /* DataTransfer.swift */,
				00A8E70829D6164B009C79F6 /* EntryRow1.swift */,
				00466C48298436C700D8DBDC /* SearchRecents.swift */,
				0084015829CBE34C000B09E9 /* Searchbar11.swift */,
				00362DC7298847AB00BFD114 /* SplashViewOld.swift */,
				004C8AC02993FD7C0069D1F9 /* offset.swift */,
				005C6C79299E9780009D9362 /* HomeViewModel.swift */,
				00B4B6302A952DDD0022AACE /* fixentrybug.swift */,
				0028D55A29AD458100245F48 /* testDataService.swift */,
				0028D55129AD128900245F48 /* CustomHeader.swift */,
				00E07AD629B2A4C3006D7429 /* testset.swift */,
				00E35EC1299BDD4A00C052D8 /* EntriesDataServices.swift */,
				00B9B42429A680C0001DE1D5 /* SearchResults.swift */,
				0047716829AE5C3100790187 /* bindingTest.swift */,
				00A8E70A29D617FC009C79F6 /* SearchResults1.swift */,
				00B9B42E29A701FD001DE1D5 /* scrollview.swift */,
				0075ECB629E8814900273D8E /* SearchBar2.swift */,
				0047716A29AE5DFA00790187 /* stringdata.swift */,
				0028D55C29AD462600245F48 /* test1ViewModel.swift */,
				00B9B42629A6AD1B001DE1D5 /* test.swift */,
				0047717029AF9ED700790187 /* testchat.swift */,
				0028D55829AD407B00245F48 /* EntryViewModel.swift */,
				00E7B81C2AD5DB1E007D7931 /* oldFavoritesList.swift */,
				009893382AD9C82100DEFEDA /* OldRecents.swift */,
				001A08A22A994F42009B36CC /* Backups */,
				0098933A2AD9CD9000DEFEDA /* Searchbarfix.swift */,
			);
			path = Discards;
			sourceTree = "<group>";
		};
		0044BEAF2A941CAD00C2CED9 /* CoreData */ = {
			isa = PBXGroup;
			children = (
				005966CB2ABA4A9A00A40312 /* FavoritesAndHistoryContainer.xcdatamodeld */,
				0075ECB829E8885600273D8E /* CoreDataFavorites.swift */,
				005966D22ABA550100A40312 /* CoreDataHistory.swift */,
				0079F75E29B1137D009E8DB1 /* recentlySearched.swift */,
				005966D02ABA4B9500A40312 /* ViewEntities.swift */,
			);
			path = CoreData;
			sourceTree = "<group>";
		};
		0047687E2989A93E006A5128 /* Views */ = {
			isa = PBXGroup;
			children = (
				00B4B62A2A9524140022AACE /* Small */,
				00B4B6282A9523A30022AACE /* Large */,
				00B4B62C2A9526E60022AACE /* Lists */,
				00CDF8DB295E3D0D00171947 /* Components */,
			);
			path = Views;
			sourceTree = "<group>";
		};
		004C8AE229954B9F0069D1F9 /* Models */ = {
			isa = PBXGroup;
			children = (
				00E35EBE299BDB8E00C052D8 /* EntryModel.swift */,
				0075ECBF29E88A4900273D8E /* UserModel.swift */,
			);
			path = Models;
			sourceTree = "<group>";
		};
		004CB35C29AA6CA300364AE3 /* Utilities */ = {
			isa = PBXGroup;
			children = (
				004CB35D29AA6CD400364AE3 /* Networking Manager.swift */,
			);
			path = Utilities;
			sourceTree = "<group>";
		};
		00B4B6282A9523A30022AACE /* Large */ = {
			isa = PBXGroup;
			children = (
				00CDF8CF295E3D0300171947 /* Index.swift */,
				00CDF8DE295E3D6500171947 /* Tabs.swift */,
			);
			path = Large;
			sourceTree = "<group>";
		};
		00B4B62A2A9524140022AACE /* Small */ = {
			isa = PBXGroup;
			children = (
				0047687F2989A97B006A5128 /* HomeTab.swift */,
				004768812989AC9D006A5128 /* SearchTab.swift */,
				004C8AE02995457B0069D1F9 /* FavoritesTab.swift */,
				0047687929899A52006A5128 /* Splash.swift */,
			);
			path = Small;
			sourceTree = "<group>";
		};
		00B4B62B2A9525AC0022AACE /* Data */ = {
			isa = PBXGroup;
			children = (
				004CB35C29AA6CA300364AE3 /* Utilities */,
				0044BEAF2A941CAD00C2CED9 /* CoreData */,
				00E35EC0299BDD0400C052D8 /* Services */,
				004C8AE229954B9F0069D1F9 /* Models */,
			);
			path = Data;
			sourceTree = "<group>";
		};
		00B4B62C2A9526E60022AACE /* Lists */ = {
			isa = PBXGroup;
			children = (
				005C6C7B299E99DE009D9362 /* EntryRow.swift */,
				0079F76229B11F48009E8DB1 /* AutocompleteResults.swift */,
				0079F76029B11907009E8DB1 /* RecentlySearched.swift */,
				0084015C29CBE4D5000B09E9 /* FavoritesList.swift */,
				00E7B81E2AD5DDA0007D7931 /* EntryRowFavorites.swift */,
			);
			path = Lists;
			sourceTree = "<group>";
		};
		00B4B62D2A9528FD0022AACE /* Other */ = {
			isa = PBXGroup;
			children = (
				00CDF8E0295E3DBB00171947 /* Extensions */,
				00D205E529CE1D7B001E9E09 /* CustomTabBar */,
				0044BEAE2A941C7A00C2CED9 /* Discards */,
			);
			path = Other;
			sourceTree = "<group>";
		};
		00CDF8C1295E3D0300171947 = {
			isa = PBXGroup;
			children = (
				009BA0F929DD144800BA8B30 /* to-do.rtf */,
				00CDF8CC295E3D0300171947 /* spanish-thesaurus-swiftUI */,
				0047687E2989A93E006A5128 /* Views */,
				00B4B62B2A9525AC0022AACE /* Data */,
				00B4B62D2A9528FD0022AACE /* Other */,
				00CDF8CB295E3D0300171947 /* Products */,
			);
			sourceTree = "<group>";
		};
		00CDF8CB295E3D0300171947 /* Products */ = {
			isa = PBXGroup;
			children = (
				00CDF8CA295E3D0300171947 /* spanish-thesaurus-swiftUI.app */,
			);
			name = Products;
			sourceTree = "<group>";
		};
		00CDF8CC295E3D0300171947 /* spanish-thesaurus-swiftUI */ = {
			isa = PBXGroup;
			children = (
				00362DEE29884A5500BFD114 /* Info.plist */,
				00CDF8CD295E3D0300171947 /* spanish_thesaurus_swiftUIApp.swift */,
				00CDF8D1295E3D0500171947 /* Assets.xcassets */,
				00CDF8D3295E3D0500171947 /* Preview Content */,
				00362DED2988499900BFD114 /* Fonts */,
			);
			path = "spanish-thesaurus-swiftUI";
			sourceTree = "<group>";
		};
		00CDF8D3295E3D0500171947 /* Preview Content */ = {
			isa = PBXGroup;
			children = (
				00CDF8D4295E3D0500171947 /* Preview Assets.xcassets */,
			);
			path = "Preview Content";
			sourceTree = "<group>";
		};
		00CDF8DB295E3D0D00171947 /* Components */ = {
			isa = PBXGroup;
			children = (
				0044BD7129CCF3D300765261 /* ShareIcon.swift */,
				0049CF5C29CC065D00DA8F53 /* HomeHeader.swift */,
				00466C4629842AC400D8DBDC /* Sheet.swift */,
				00CDF8DC295E3D1E00171947 /* SearchbarPrototype.swift */,
				001A089C2A994A46009B36CC /* SearchBar.swift */,
				000DDE042AD4BFFE00074AFD /* Heart.swift */,
				009893402AD9D19E00DEFEDA /* Xmark.swift */,
			);
			path = Components;
			sourceTree = "<group>";
		};
		00CDF8E0295E3DBB00171947 /* Extensions */ = {
			isa = PBXGroup;
			children = (
				00CDF8E1295E3DE100171947 /* HideKeyboard.swift */,
				005C6C7D299E9A20009D9362 /* PreviewProvider.swift */,
				00B9B42829A6CA05001DE1D5 /* StringMods.swift */,
				00B9B42C29A6CB43001DE1D5 /* TrimTrailing.swift */,
			);
			path = Extensions;
			sourceTree = "<group>";
		};
		00D205E529CE1D7B001E9E09 /* CustomTabBar */ = {
			isa = PBXGroup;
			children = (
				00D205E829CE474E001E9E09 /* CustomTabBarView.swift */,
			);
			path = CustomTabBar;
			sourceTree = "<group>";
		};
		00E35EC0299BDD0400C052D8 /* Services */ = {
			isa = PBXGroup;
			children = (
				0028D55629AD3EB400245F48 /* EntryDataService.swift */,
			);
			path = Services;
			sourceTree = "<group>";
		};
/* End PBXGroup section */

/* Begin PBXNativeTarget section */
		00CDF8C9295E3D0300171947 /* spanish-thesaurus-swiftUI */ = {
			isa = PBXNativeTarget;
			buildConfigurationList = 00CDF8D8295E3D0500171947 /* Build configuration list for PBXNativeTarget "spanish-thesaurus-swiftUI" */;
			buildPhases = (
				00CDF8C6295E3D0300171947 /* Sources */,
				00CDF8C7295E3D0300171947 /* Frameworks */,
				00CDF8C8295E3D0300171947 /* Resources */,
			);
			buildRules = (
			);
			dependencies = (
			);
			name = "spanish-thesaurus-swiftUI";
			productName = "spanish-thesaurus-swiftUI";
			productReference = 00CDF8CA295E3D0300171947 /* spanish-thesaurus-swiftUI.app */;
			productType = "com.apple.product-type.application";
		};
/* End PBXNativeTarget section */

/* Begin PBXProject section */
		00CDF8C2295E3D0300171947 /* Project object */ = {
			isa = PBXProject;
			attributes = {
				BuildIndependentTargetsInParallel = 1;
				LastSwiftUpdateCheck = 1420;
				LastUpgradeCheck = 1420;
				TargetAttributes = {
					00CDF8C9295E3D0300171947 = {
						CreatedOnToolsVersion = 14.2;
					};
				};
			};
			buildConfigurationList = 00CDF8C5295E3D0300171947 /* Build configuration list for PBXProject "spanish-thesaurus-swiftUI" */;
			compatibilityVersion = "Xcode 14.0";
			developmentRegion = en;
			hasScannedForEncodings = 0;
			knownRegions = (
				en,
				Base,
			);
			mainGroup = 00CDF8C1295E3D0300171947;
			productRefGroup = 00CDF8CB295E3D0300171947 /* Products */;
			projectDirPath = "";
			projectRoot = "";
			targets = (
				00CDF8C9295E3D0300171947 /* spanish-thesaurus-swiftUI */,
			);
		};
/* End PBXProject section */

/* Begin PBXResourcesBuildPhase section */
		00CDF8C8295E3D0300171947 /* Resources */ = {
			isa = PBXResourcesBuildPhase;
			buildActionMask = 2147483647;
			files = (
				00CDF8D5295E3D0500171947 /* Preview Assets.xcassets in Resources */,
				009BA0FA29DD144800BA8B30 /* to-do.rtf in Resources */,
				00362DCB2988482300BFD114 /* Nunito-VariableFont_wght.ttf in Resources */,
				00362DCC2988482300BFD114 /* Nunito-Italic-VariableFont_wght.ttf in Resources */,
				00CDF8D2295E3D0500171947 /* Assets.xcassets in Resources */,
			);
			runOnlyForDeploymentPostprocessing = 0;
		};
/* End PBXResourcesBuildPhase section */

/* Begin PBXSourcesBuildPhase section */
		00CDF8C6295E3D0300171947 /* Sources */ = {
			isa = PBXSourcesBuildPhase;
			buildActionMask = 2147483647;
			files = (
				00A8E70B29D617FC009C79F6 /* SearchResults1.swift in Sources */,
				004768822989AC9D006A5128 /* SearchTab.swift in Sources */,
				00B9B42F29A701FD001DE1D5 /* scrollview.swift in Sources */,
				0079F75F29B1137D009E8DB1 /* recentlySearched.swift in Sources */,
				00E07AD529B259E5006D7429 /* LikeHeart.swift in Sources */,
				006A905F2ACCC643001F136A /* OldLikeHeart.swift in Sources */,
				0047687A29899A52006A5128 /* Splash.swift in Sources */,
				004C8AC12993FD7C0069D1F9 /* offset.swift in Sources */,
				0075ECB929E8885600273D8E /* CoreDataFavorites.swift in Sources */,
				0075ECC029E88A4900273D8E /* UserModel.swift in Sources */,
				000DDE052AD4BFFE00074AFD /* Heart.swift in Sources */,
				005C6C7A299E9780009D9362 /* HomeViewModel.swift in Sources */,
				0075ECBE29E889A000273D8E /* CoreDataTest.swift in Sources */,
				001A089B2A99494B009B36CC /* SearchTabBackup.swift in Sources */,
				00E35EC2299BDD4A00C052D8 /* EntriesDataServices.swift in Sources */,
				005966D12ABA4B9500A40312 /* ViewEntities.swift in Sources */,
				0028D55929AD407B00245F48 /* EntryViewModel.swift in Sources */,
				0028D55B29AD458100245F48 /* testDataService.swift in Sources */,
				00E7B81D2AD5DB1E007D7931 /* oldFavoritesList.swift in Sources */,
				009B424D29F1DB350097A4BF /* CoreDataTest1.swift in Sources */,
				00CDF8E2295E3DE100171947 /* HideKeyboard.swift in Sources */,
				0047717129AF9ED700790187 /* testchat.swift in Sources */,
				00B9B42929A6CA05001DE1D5 /* StringMods.swift in Sources */,
				00B9B42D29A6CB43001DE1D5 /* TrimTrailing.swift in Sources */,
				0028D55D29AD462600245F48 /* test1ViewModel.swift in Sources */,
				002DC5DF29DB3DD40008E16A /* EntryDataServiceSingle.swift in Sources */,
				004768802989A97B006A5128 /* HomeTab.swift in Sources */,
				009893412AD9D19E00DEFEDA /* Xmark.swift in Sources */,
				005C6C7E299E9A20009D9362 /* PreviewProvider.swift in Sources */,
				005966CD2ABA4A9A00A40312 /* FavoritesAndHistoryContainer.xcdatamodeld in Sources */,
				0044BD7229CCF3D300765261 /* ShareIcon.swift in Sources */,
				009C105B29F74E0600EB1683 /* DataTransfer.swift in Sources */,
				001A089F2A994DBC009B36CC /* DataEntryServiceBackUp.swift in Sources */,
				005C6C7C299E99DE009D9362 /* EntryRow.swift in Sources */,
				00362DC8298847AB00BFD114 /* SplashViewOld.swift in Sources */,
				001A08A12A994F30009B36CC /* DataEntryServiceMostRecentBackUp.swift in Sources */,
				00CDF8D0295E3D0300171947 /* Index.swift in Sources */,
				0079F76329B11F48009E8DB1 /* AutocompleteResults.swift in Sources */,
				004CB35E29AA6CD400364AE3 /* Networking Manager.swift in Sources */,
				00CDF8CE295E3D0300171947 /* spanish_thesaurus_swiftUIApp.swift in Sources */,
				00B9B42529A680C0001DE1D5 /* SearchResults.swift in Sources */,
				009893392AD9C82100DEFEDA /* OldRecents.swift in Sources */,
				00E07AD729B2A4C3006D7429 /* testset.swift in Sources */,
				00D205E929CE474E001E9E09 /* CustomTabBarView.swift in Sources */,
				0084015929CBE34C000B09E9 /* Searchbar11.swift in Sources */,
				00B9B42729A6AD1B001DE1D5 /* test.swift in Sources */,
				00BBCDB12ACF843C00C999F3 /* EntryRowDeletedCode.swift in Sources */,
				00E35EBF299BDB8E00C052D8 /* EntryModel.swift in Sources */,
				00B4B6312A952DDD0022AACE /* fixentrybug.swift in Sources */,
				00E7B81F2AD5DDA0007D7931 /* EntryRowFavorites.swift in Sources */,
				00CDF8DD295E3D1E00171947 /* SearchbarPrototype.swift in Sources */,
				0049CF5D29CC065D00DA8F53 /* HomeHeader.swift in Sources */,
				00466C4729842AC400D8DBDC /* Sheet.swift in Sources */,
				00A8E70929D6164B009C79F6 /* EntryRow1.swift in Sources */,
				001A089D2A994A46009B36CC /* SearchBar.swift in Sources */,
				0079F76129B11907009E8DB1 /* RecentlySearched.swift in Sources */,
				00466C49298436C700D8DBDC /* SearchRecents.swift in Sources */,
				0047716929AE5C3100790187 /* bindingTest.swift in Sources */,
				005966D32ABA550100A40312 /* CoreDataHistory.swift in Sources */,
				0075ECB729E8814900273D8E /* SearchBar2.swift in Sources */,
				0028D55729AD3EB400245F48 /* EntryDataService.swift in Sources */,
				0028D55229AD128900245F48 /* CustomHeader.swift in Sources */,
				00CDF8DF295E3D6500171947 /* Tabs.swift in Sources */,
				0047716B29AE5DFA00790187 /* stringdata.swift in Sources */,
				0098933B2AD9CD9000DEFEDA /* Searchbarfix.swift in Sources */,
				004C8AE12995457B0069D1F9 /* FavoritesTab.swift in Sources */,
				0084015D29CBE4D5000B09E9 /* FavoritesList.swift in Sources */,
			);
			runOnlyForDeploymentPostprocessing = 0;
		};
/* End PBXSourcesBuildPhase section */

/* Begin XCBuildConfiguration section */
		00CDF8D6295E3D0500171947 /* Debug */ = {
			isa = XCBuildConfiguration;
			buildSettings = {
				ALWAYS_SEARCH_USER_PATHS = NO;
				CLANG_ANALYZER_NONNULL = YES;
				CLANG_ANALYZER_NUMBER_OBJECT_CONVERSION = YES_AGGRESSIVE;
				CLANG_CXX_LANGUAGE_STANDARD = "gnu++20";
				CLANG_ENABLE_MODULES = YES;
				CLANG_ENABLE_OBJC_ARC = YES;
				CLANG_ENABLE_OBJC_WEAK = YES;
				CLANG_WARN_BLOCK_CAPTURE_AUTORELEASING = YES;
				CLANG_WARN_BOOL_CONVERSION = YES;
				CLANG_WARN_COMMA = YES;
				CLANG_WARN_CONSTANT_CONVERSION = YES;
				CLANG_WARN_DEPRECATED_OBJC_IMPLEMENTATIONS = YES;
				CLANG_WARN_DIRECT_OBJC_ISA_USAGE = YES_ERROR;
				CLANG_WARN_DOCUMENTATION_COMMENTS = YES;
				CLANG_WARN_EMPTY_BODY = YES;
				CLANG_WARN_ENUM_CONVERSION = YES;
				CLANG_WARN_INFINITE_RECURSION = YES;
				CLANG_WARN_INT_CONVERSION = YES;
				CLANG_WARN_NON_LITERAL_NULL_CONVERSION = YES;
				CLANG_WARN_OBJC_IMPLICIT_RETAIN_SELF = YES;
				CLANG_WARN_OBJC_LITERAL_CONVERSION = YES;
				CLANG_WARN_OBJC_ROOT_CLASS = YES_ERROR;
				CLANG_WARN_QUOTED_INCLUDE_IN_FRAMEWORK_HEADER = YES;
				CLANG_WARN_RANGE_LOOP_ANALYSIS = YES;
				CLANG_WARN_STRICT_PROTOTYPES = YES;
				CLANG_WARN_SUSPICIOUS_MOVE = YES;
				CLANG_WARN_UNGUARDED_AVAILABILITY = YES_AGGRESSIVE;
				CLANG_WARN_UNREACHABLE_CODE = YES;
				CLANG_WARN__DUPLICATE_METHOD_MATCH = YES;
				COPY_PHASE_STRIP = NO;
				DEBUG_INFORMATION_FORMAT = dwarf;
				ENABLE_STRICT_OBJC_MSGSEND = YES;
				ENABLE_TESTABILITY = YES;
				GCC_C_LANGUAGE_STANDARD = gnu11;
				GCC_DYNAMIC_NO_PIC = NO;
				GCC_NO_COMMON_BLOCKS = YES;
				GCC_OPTIMIZATION_LEVEL = 0;
				GCC_PREPROCESSOR_DEFINITIONS = (
					"DEBUG=1",
					"$(inherited)",
				);
				GCC_WARN_64_TO_32_BIT_CONVERSION = YES;
				GCC_WARN_ABOUT_RETURN_TYPE = YES_ERROR;
				GCC_WARN_UNDECLARED_SELECTOR = YES;
				GCC_WARN_UNINITIALIZED_AUTOS = YES_AGGRESSIVE;
				GCC_WARN_UNUSED_FUNCTION = YES;
				GCC_WARN_UNUSED_VARIABLE = YES;
				IPHONEOS_DEPLOYMENT_TARGET = 16.2;
				MTL_ENABLE_DEBUG_INFO = INCLUDE_SOURCE;
				MTL_FAST_MATH = YES;
				ONLY_ACTIVE_ARCH = YES;
				SDKROOT = iphoneos;
				SWIFT_ACTIVE_COMPILATION_CONDITIONS = DEBUG;
				SWIFT_OPTIMIZATION_LEVEL = "-Onone";
			};
			name = Debug;
		};
		00CDF8D7295E3D0500171947 /* Release */ = {
			isa = XCBuildConfiguration;
			buildSettings = {
				ALWAYS_SEARCH_USER_PATHS = NO;
				CLANG_ANALYZER_NONNULL = YES;
				CLANG_ANALYZER_NUMBER_OBJECT_CONVERSION = YES_AGGRESSIVE;
				CLANG_CXX_LANGUAGE_STANDARD = "gnu++20";
				CLANG_ENABLE_MODULES = YES;
				CLANG_ENABLE_OBJC_ARC = YES;
				CLANG_ENABLE_OBJC_WEAK = YES;
				CLANG_WARN_BLOCK_CAPTURE_AUTORELEASING = YES;
				CLANG_WARN_BOOL_CONVERSION = YES;
				CLANG_WARN_COMMA = YES;
				CLANG_WARN_CONSTANT_CONVERSION = YES;
				CLANG_WARN_DEPRECATED_OBJC_IMPLEMENTATIONS = YES;
				CLANG_WARN_DIRECT_OBJC_ISA_USAGE = YES_ERROR;
				CLANG_WARN_DOCUMENTATION_COMMENTS = YES;
				CLANG_WARN_EMPTY_BODY = YES;
				CLANG_WARN_ENUM_CONVERSION = YES;
				CLANG_WARN_INFINITE_RECURSION = YES;
				CLANG_WARN_INT_CONVERSION = YES;
				CLANG_WARN_NON_LITERAL_NULL_CONVERSION = YES;
				CLANG_WARN_OBJC_IMPLICIT_RETAIN_SELF = YES;
				CLANG_WARN_OBJC_LITERAL_CONVERSION = YES;
				CLANG_WARN_OBJC_ROOT_CLASS = YES_ERROR;
				CLANG_WARN_QUOTED_INCLUDE_IN_FRAMEWORK_HEADER = YES;
				CLANG_WARN_RANGE_LOOP_ANALYSIS = YES;
				CLANG_WARN_STRICT_PROTOTYPES = YES;
				CLANG_WARN_SUSPICIOUS_MOVE = YES;
				CLANG_WARN_UNGUARDED_AVAILABILITY = YES_AGGRESSIVE;
				CLANG_WARN_UNREACHABLE_CODE = YES;
				CLANG_WARN__DUPLICATE_METHOD_MATCH = YES;
				COPY_PHASE_STRIP = NO;
				DEBUG_INFORMATION_FORMAT = "dwarf-with-dsym";
				ENABLE_NS_ASSERTIONS = NO;
				ENABLE_STRICT_OBJC_MSGSEND = YES;
				GCC_C_LANGUAGE_STANDARD = gnu11;
				GCC_NO_COMMON_BLOCKS = YES;
				GCC_WARN_64_TO_32_BIT_CONVERSION = YES;
				GCC_WARN_ABOUT_RETURN_TYPE = YES_ERROR;
				GCC_WARN_UNDECLARED_SELECTOR = YES;
				GCC_WARN_UNINITIALIZED_AUTOS = YES_AGGRESSIVE;
				GCC_WARN_UNUSED_FUNCTION = YES;
				GCC_WARN_UNUSED_VARIABLE = YES;
				IPHONEOS_DEPLOYMENT_TARGET = 16.2;
				MTL_ENABLE_DEBUG_INFO = NO;
				MTL_FAST_MATH = YES;
				SDKROOT = iphoneos;
				SWIFT_COMPILATION_MODE = wholemodule;
				SWIFT_OPTIMIZATION_LEVEL = "-O";
				VALIDATE_PRODUCT = YES;
			};
			name = Release;
		};
		00CDF8D9295E3D0500171947 /* Debug */ = {
			isa = XCBuildConfiguration;
			buildSettings = {
				ASSETCATALOG_COMPILER_APPICON_NAME = AppIcon;
				ASSETCATALOG_COMPILER_GLOBAL_ACCENT_COLOR_NAME = AccentColor;
				CODE_SIGN_STYLE = Automatic;
				CURRENT_PROJECT_VERSION = 1;
				DEVELOPMENT_ASSET_PATHS = "\"spanish-thesaurus-swiftUI/Preview Content\"";
				DEVELOPMENT_TEAM = 3C8F2SX887;
				ENABLE_PREVIEWS = YES;
				GENERATE_INFOPLIST_FILE = YES;
				INFOPLIST_FILE = "spanish-thesaurus-swiftUI/Info.plist";
				INFOPLIST_KEY_UIApplicationSceneManifest_Generation = YES;
				INFOPLIST_KEY_UIApplicationSupportsIndirectInputEvents = YES;
				INFOPLIST_KEY_UILaunchScreen_Generation = YES;
				INFOPLIST_KEY_UILaunchStoryboardName = " ";
				INFOPLIST_KEY_UIStatusBarStyle = "";
				INFOPLIST_KEY_UISupportedInterfaceOrientations_iPad = "UIInterfaceOrientationPortrait UIInterfaceOrientationPortraitUpsideDown UIInterfaceOrientationLandscapeLeft UIInterfaceOrientationLandscapeRight";
				INFOPLIST_KEY_UISupportedInterfaceOrientations_iPhone = "UIInterfaceOrientationPortrait UIInterfaceOrientationLandscapeLeft UIInterfaceOrientationLandscapeRight";
				IPHONEOS_DEPLOYMENT_TARGET = 16.1;
				LD_RUNPATH_SEARCH_PATHS = (
					"$(inherited)",
					"@executable_path/Frameworks",
				);
				MARKETING_VERSION = 1.0;
				PRODUCT_BUNDLE_IDENTIFIER = "com.beausalgado.spanish-thesaurus-swiftUI";
				PRODUCT_NAME = "$(TARGET_NAME)";
				SWIFT_EMIT_LOC_STRINGS = YES;
				SWIFT_VERSION = 5.0;
				TARGETED_DEVICE_FAMILY = "1,2";
			};
			name = Debug;
		};
		00CDF8DA295E3D0500171947 /* Release */ = {
			isa = XCBuildConfiguration;
			buildSettings = {
				ASSETCATALOG_COMPILER_APPICON_NAME = AppIcon;
				ASSETCATALOG_COMPILER_GLOBAL_ACCENT_COLOR_NAME = AccentColor;
				CODE_SIGN_STYLE = Automatic;
				CURRENT_PROJECT_VERSION = 1;
				DEVELOPMENT_ASSET_PATHS = "\"spanish-thesaurus-swiftUI/Preview Content\"";
				DEVELOPMENT_TEAM = 3C8F2SX887;
				ENABLE_PREVIEWS = YES;
				GENERATE_INFOPLIST_FILE = YES;
				INFOPLIST_FILE = "spanish-thesaurus-swiftUI/Info.plist";
				INFOPLIST_KEY_UIApplicationSceneManifest_Generation = YES;
				INFOPLIST_KEY_UIApplicationSupportsIndirectInputEvents = YES;
				INFOPLIST_KEY_UILaunchScreen_Generation = YES;
				INFOPLIST_KEY_UILaunchStoryboardName = " ";
				INFOPLIST_KEY_UIStatusBarStyle = "";
				INFOPLIST_KEY_UISupportedInterfaceOrientations_iPad = "UIInterfaceOrientationPortrait UIInterfaceOrientationPortraitUpsideDown UIInterfaceOrientationLandscapeLeft UIInterfaceOrientationLandscapeRight";
				INFOPLIST_KEY_UISupportedInterfaceOrientations_iPhone = "UIInterfaceOrientationPortrait UIInterfaceOrientationLandscapeLeft UIInterfaceOrientationLandscapeRight";
				IPHONEOS_DEPLOYMENT_TARGET = 16.1;
				LD_RUNPATH_SEARCH_PATHS = (
					"$(inherited)",
					"@executable_path/Frameworks",
				);
				MARKETING_VERSION = 1.0;
				PRODUCT_BUNDLE_IDENTIFIER = "com.beausalgado.spanish-thesaurus-swiftUI";
				PRODUCT_NAME = "$(TARGET_NAME)";
				SWIFT_EMIT_LOC_STRINGS = YES;
				SWIFT_VERSION = 5.0;
				TARGETED_DEVICE_FAMILY = "1,2";
			};
			name = Release;
		};
/* End XCBuildConfiguration section */

/* Begin XCConfigurationList section */
		00CDF8C5295E3D0300171947 /* Build configuration list for PBXProject "spanish-thesaurus-swiftUI" */ = {
			isa = XCConfigurationList;
			buildConfigurations = (
				00CDF8D6295E3D0500171947 /* Debug */,
				00CDF8D7295E3D0500171947 /* Release */,
			);
			defaultConfigurationIsVisible = 0;
			defaultConfigurationName = Release;
		};
		00CDF8D8295E3D0500171947 /* Build configuration list for PBXNativeTarget "spanish-thesaurus-swiftUI" */ = {
			isa = XCConfigurationList;
			buildConfigurations = (
				00CDF8D9295E3D0500171947 /* Debug */,
				00CDF8DA295E3D0500171947 /* Release */,
			);
			defaultConfigurationIsVisible = 0;
			defaultConfigurationName = Release;
		};
/* End XCConfigurationList section */

/* Begin XCVersionGroup section */
		005966CB2ABA4A9A00A40312 /* FavoritesAndHistoryContainer.xcdatamodeld */ = {
			isa = XCVersionGroup;
			children = (
				005966CC2ABA4A9A00A40312 /* FavoritesAndHistoryContainer.xcdatamodel */,
			);
			currentVersion = 005966CC2ABA4A9A00A40312 /* FavoritesAndHistoryContainer.xcdatamodel */;
			path = FavoritesAndHistoryContainer.xcdatamodeld;
			sourceTree = "<group>";
			versionGroupType = wrapper.xcdatamodel;
		};
/* End XCVersionGroup section */
	};
	rootObject = 00CDF8C2295E3D0300171947 /* Project object */;
}
